
Microsoft Visual Studio Solution File, Format Version 12.00
# Visual Studio Version 17
VisualStudioVersion = 17.2.32602.215
MinimumVisualStudioVersion = 10.0.40219.1
Project("{9A19103F-16F7-4668-BE54-9A1E7A4F7556}") = "SEP_231_System", "SEP_231_System\SEP_231_System.csproj", "{BD36145C-80FE-40B2-870B-C427D932F0CD}"
EndProject
Project("{9A19103F-16F7-4668-BE54-9A1E7A4F7556}") = "MyDLL", "MyDLL\MyDLL.csproj", "{0BBDB4A5-5D02-4224-95BD-C65E5D06B0FA}"
EndProject
Project("{9A19103F-16F7-4668-BE54-9A1E7A4F7556}") = "MyDLL_Call", "MyDLL_Call\MyDLL_Call.csproj", "{8E3C1415-B458-4BEF-A63F-D669660C8797}"
EndProject
Project("{9A19103F-16F7-4668-BE54-9A1E7A4F7556}") = "MyThread", "MyThread\MyThread.csproj", "{AF09654F-F019-4C3A-B494-960786386F5E}"
EndProject
Project("{9A19103F-16F7-4668-BE54-9A1E7A4F7556}") = "MySync", "MySync\MySync.csproj", "{9BC63383-D521-4496-8269-B119E5D7E2EF}"
EndProject
Project("{9A19103F-16F7-4668-BE54-9A1E7A4F7556}") = "MyForm", "MyForm\MyForm.csproj", "{2764F9F1-3B22-4CD5-AE9A-A9BAC64A0DAE}"
EndProject
Project("{9A19103F-16F7-4668-BE54-9A1E7A4F7556}") = "MyTask", "MyTask\MyTask.csproj", "{3C6BC075-48A4-464B-B311-7B28145E44B7}"
EndProject
Project("{9A19103F-16F7-4668-BE54-9A1E7A4F7556}") = "MyReflexia", "MyReflexia\MyReflexia.csproj", "{6DD19C42-2693-484F-8150-CC7007140FC6}"
EndProject
Project("{9A19103F-16F7-4668-BE54-9A1E7A4F7556}") = "ClassLibrary1", "ClassLibrary1\ClassLibrary1.csproj", "{04825EAB-BBDF-4AE5-938B-F2DC67A93C06}"
EndProject
Project("{9A19103F-16F7-4668-BE54-9A1E7A4F7556}") = "MyParallel", "MyParallel\MyParallel.csproj", "{4C46B971-6C12-44F7-BC07-E51BA97D57AC}"
EndProject
Project("{FAE04EC0-301F-11D3-BF4B-00C04F79EFBC}") = "MyTimer", "MyTimer\MyTimer.csproj", "{71D046F0-7FD5-4BC9-8E1A-AF26A5A9DBB4}"
EndProject
Global
	GlobalSection(SolutionConfigurationPlatforms) = preSolution
		Debug|Any CPU = Debug|Any CPU
		Release|Any CPU = Release|Any CPU
	EndGlobalSection
	GlobalSection(ProjectConfigurationPlatforms) = postSolution
		{BD36145C-80FE-40B2-870B-C427D932F0CD}.Debug|Any CPU.ActiveCfg = Debug|Any CPU
		{BD36145C-80FE-40B2-870B-C427D932F0CD}.Debug|Any CPU.Build.0 = Debug|Any CPU
		{BD36145C-80FE-40B2-870B-C427D932F0CD}.Release|Any CPU.ActiveCfg = Release|Any CPU
		{BD36145C-80FE-40B2-870B-C427D932F0CD}.Release|Any CPU.Build.0 = Release|Any CPU
		{0BBDB4A5-5D02-4224-95BD-C65E5D06B0FA}.Debug|Any CPU.ActiveCfg = Debug|Any CPU
		{0BBDB4A5-5D02-4224-95BD-C65E5D06B0FA}.Debug|Any CPU.Build.0 = Debug|Any CPU
		{0BBDB4A5-5D02-4224-95BD-C65E5D06B0FA}.Release|Any CPU.ActiveCfg = Release|Any CPU
		{0BBDB4A5-5D02-4224-95BD-C65E5D06B0FA}.Release|Any CPU.Build.0 = Release|Any CPU
		{8E3C1415-B458-4BEF-A63F-D669660C8797}.Debug|Any CPU.ActiveCfg = Debug|Any CPU
		{8E3C1415-B458-4BEF-A63F-D669660C8797}.Debug|Any CPU.Build.0 = Debug|Any CPU
		{8E3C1415-B458-4BEF-A63F-D669660C8797}.Release|Any CPU.ActiveCfg = Release|Any CPU
		{8E3C1415-B458-4BEF-A63F-D669660C8797}.Release|Any CPU.Build.0 = Release|Any CPU
		{AF09654F-F019-4C3A-B494-960786386F5E}.Debug|Any CPU.ActiveCfg = Debug|Any CPU
		{AF09654F-F019-4C3A-B494-960786386F5E}.Debug|Any CPU.Build.0 = Debug|Any CPU
		{AF09654F-F019-4C3A-B494-960786386F5E}.Release|Any CPU.ActiveCfg = Release|Any CPU
		{AF09654F-F019-4C3A-B494-960786386F5E}.Release|Any CPU.Build.0 = Release|Any CPU
		{9BC63383-D521-4496-8269-B119E5D7E2EF}.Debug|Any CPU.ActiveCfg = Debug|Any CPU
		{9BC63383-D521-4496-8269-B119E5D7E2EF}.Debug|Any CPU.Build.0 = Debug|Any CPU
		{9BC63383-D521-4496-8269-B119E5D7E2EF}.Release|Any CPU.ActiveCfg = Release|Any CPU
		{9BC63383-D521-4496-8269-B119E5D7E2EF}.Release|Any CPU.Build.0 = Release|Any CPU
		{2764F9F1-3B22-4CD5-AE9A-A9BAC64A0DAE}.Debug|Any CPU.ActiveCfg = Debug|Any CPU
		{2764F9F1-3B22-4CD5-AE9A-A9BAC64A0DAE}.Debug|Any CPU.Build.0 = Debug|Any CPU
		{2764F9F1-3B22-4CD5-AE9A-A9BAC64A0DAE}.Release|Any CPU.ActiveCfg = Release|Any CPU
		{2764F9F1-3B22-4CD5-AE9A-A9BAC64A0DAE}.Release|Any CPU.Build.0 = Release|Any CPU
		{3C6BC075-48A4-464B-B311-7B28145E44B7}.Debug|Any CPU.ActiveCfg = Debug|Any CPU
		{3C6BC075-48A4-464B-B311-7B28145E44B7}.Debug|Any CPU.Build.0 = Debug|Any CPU
		{3C6BC075-48A4-464B-B311-7B28145E44B7}.Release|Any CPU.ActiveCfg = Release|Any CPU
		{3C6BC075-48A4-464B-B311-7B28145E44B7}.Release|Any CPU.Build.0 = Release|Any CPU
		{6DD19C42-2693-484F-8150-CC7007140FC6}.Debug|Any CPU.ActiveCfg = Debug|Any CPU
		{6DD19C42-2693-484F-8150-CC7007140FC6}.Debug|Any CPU.Build.0 = Debug|Any CPU
		{6DD19C42-2693-484F-8150-CC7007140FC6}.Release|Any CPU.ActiveCfg = Release|Any CPU
		{6DD19C42-2693-484F-8150-CC7007140FC6}.Release|Any CPU.Build.0 = Release|Any CPU
		{04825EAB-BBDF-4AE5-938B-F2DC67A93C06}.Debug|Any CPU.ActiveCfg = Debug|Any CPU
		{04825EAB-BBDF-4AE5-938B-F2DC67A93C06}.Debug|Any CPU.Build.0 = Debug|Any CPU
		{04825EAB-BBDF-4AE5-938B-F2DC67A93C06}.Release|Any CPU.ActiveCfg = Release|Any CPU
		{04825EAB-BBDF-4AE5-938B-F2DC67A93C06}.Release|Any CPU.Build.0 = Release|Any CPU
		{4C46B971-6C12-44F7-BC07-E51BA97D57AC}.Debug|Any CPU.ActiveCfg = Debug|Any CPU
		{4C46B971-6C12-44F7-BC07-E51BA97D57AC}.Debug|Any CPU.Build.0 = Debug|Any CPU
		{4C46B971-6C12-44F7-BC07-E51BA97D57AC}.Release|Any CPU.ActiveCfg = Release|Any CPU
		{4C46B971-6C12-44F7-BC07-E51BA97D57AC}.Release|Any CPU.Build.0 = Release|Any CPU
		{71D046F0-7FD5-4BC9-8E1A-AF26A5A9DBB4}.Debug|Any CPU.ActiveCfg = Debug|Any CPU
		{71D046F0-7FD5-4BC9-8E1A-AF26A5A9DBB4}.Debug|Any CPU.Build.0 = Debug|Any CPU
		{71D046F0-7FD5-4BC9-8E1A-AF26A5A9DBB4}.Release|Any CPU.ActiveCfg = Release|Any CPU
		{71D046F0-7FD5-4BC9-8E1A-AF26A5A9DBB4}.Release|Any CPU.Build.0 = Release|Any CPU
	EndGlobalSection
	GlobalSection(SolutionProperties) = preSolution
		HideSolutionNode = FALSE
	EndGlobalSection
	GlobalSection(ExtensibilityGlobals) = postSolution
		SolutionGuid = {DC69BCE0-0C79-4F7C-8D0C-3A65710EDDA9}
	EndGlobalSection
EndGlobal
