
Microsoft Visual Studio Solution File, Format Version 12.00
# Visual Studio Version 17
VisualStudioVersion = 17.2.32602.215
MinimumVisualStudioVersion = 10.0.40219.1
Project("{9A19103F-16F7-4668-BE54-9A1E7A4F7556}") = "SEP_231_System", "SEP_231_System\SEP_231_System.csproj", "{BD36145C-80FE-40B2-870B-C427D932F0CD}"
EndProject
Project("{FAE04EC0-301F-11D3-BF4B-00C04F79EFBC}") = "MyDLL", "MyDLL\MyDLL.csproj", "{0BBDB4A5-5D02-4224-95BD-C65E5D06B0FA}"
EndProject
Project("{FAE04EC0-301F-11D3-BF4B-00C04F79EFBC}") = "MyDLL_Call", "MyDLL_Call\MyDLL_Call.csproj", "{8E3C1415-B458-4BEF-A63F-D669660C8797}"
EndProject
Global
	GlobalSection(SolutionConfigurationPlatforms) = preSolution
		Debug|Any CPU = Debug|Any CPU
		Release|Any CPU = Release|Any CPU
	EndGlobalSection
	GlobalSection(ProjectConfigurationPlatforms) = postSolution
		{BD36145C-80FE-40B2-870B-C427D932F0CD}.Debug|Any CPU.ActiveCfg = Debug|Any CPU
		{BD36145C-80FE-40B2-870B-C427D932F0CD}.Debug|Any CPU.Build.0 = Debug|Any CPU
		{BD36145C-80FE-40B2-870B-C427D932F0CD}.Release|Any CPU.ActiveCfg = Release|Any CPU
		{BD36145C-80FE-40B2-870B-C427D932F0CD}.Release|Any CPU.Build.0 = Release|Any CPU
		{0BBDB4A5-5D02-4224-95BD-C65E5D06B0FA}.Debug|Any CPU.ActiveCfg = Debug|Any CPU
		{0BBDB4A5-5D02-4224-95BD-C65E5D06B0FA}.Debug|Any CPU.Build.0 = Debug|Any CPU
		{0BBDB4A5-5D02-4224-95BD-C65E5D06B0FA}.Release|Any CPU.ActiveCfg = Release|Any CPU
		{0BBDB4A5-5D02-4224-95BD-C65E5D06B0FA}.Release|Any CPU.Build.0 = Release|Any CPU
		{8E3C1415-B458-4BEF-A63F-D669660C8797}.Debug|Any CPU.ActiveCfg = Debug|Any CPU
		{8E3C1415-B458-4BEF-A63F-D669660C8797}.Debug|Any CPU.Build.0 = Debug|Any CPU
		{8E3C1415-B458-4BEF-A63F-D669660C8797}.Release|Any CPU.ActiveCfg = Release|Any CPU
		{8E3C1415-B458-4BEF-A63F-D669660C8797}.Release|Any CPU.Build.0 = Release|Any CPU
	EndGlobalSection
	GlobalSection(SolutionProperties) = preSolution
		HideSolutionNode = FALSE
	EndGlobalSection
	GlobalSection(ExtensibilityGlobals) = postSolution
		SolutionGuid = {DC69BCE0-0C79-4F7C-8D0C-3A65710EDDA9}
	EndGlobalSection
EndGlobal
